<?xml version="1.0" encoding="utf-8"?>
<Project ToolsVersion="4.0" xmlns="http://schemas.microsoft.com/developer/msbuild/2003">
  <ItemGroup>
    <ClCompile Include="main.cpp" />
    <ClCompile Include="Engine\src\Application.cpp" />
    <ClCompile Include="Engine\src\States\State.cpp" />
    <ClCompile Include="Engine\src\States\StateStack.cpp" />
    <ClCompile Include="Engine\src\States\TitleState.cpp" />
    <ClCompile Include="Engine\src\States\GameState.cpp" />
    <ClCompile Include="Engine\src\States\PauseState.cpp" />
    <ClCompile Include="Engine\src\GUI\Component.cpp" />
    <ClCompile Include="Engine\src\GUI\Container.cpp" />
    <ClCompile Include="Engine\src\GUI\Label.cpp" />
    <ClCompile Include="Engine\src\Paddle.cpp" />
    <ClCompile Include="Engine\src\Ball.cpp" />
    <ClCompile Include="Engine\src\GameObject.cpp" />
  </ItemGroup>
  <ItemGroup>
    <ClInclude Include="Engine\lib\Application.hpp" />
    <ClInclude Include="Engine\lib\ResourceHolder.hpp" />
    <ClInclude Include="Engine\lib\States\State.hpp" />
    <ClInclude Include="Engine\lib\States\StateStack.hpp" />
    <ClInclude Include="Engine\lib\States\TitleState.h" />
    <ClInclude Include="Engine\lib\States\GameState.h" />
    <ClInclude Include="Engine\lib\States\PauseState.h" />
    <ClInclude Include="Engine\lib\GUI\Component.hpp" />
    <ClInclude Include="Engine\lib\GUI\Container.hpp" />
    <ClInclude Include="Engine\lib\GUI\Label.hpp" />
    <ClInclude Include="Engine\lib\Paddle.h" />
    <ClInclude Include="Engine\lib\Ball.h" />
    <ClInclude Include="Engine\lib\GameObject.hpp" />
    <ClInclude Include="Engine\lib\Utility.hpp" />
  </ItemGroup>
  <ItemGroup>
    <None Include="Engine\lib\ResourceIdentifiers.inl" />
    <None Include="Engine\lib\States\StateIdentifiers.inl" />
  </ItemGroup>
  <ItemGroup>
    <Font Include="Engine\assets\fonts\default_font.ttf" />
    <Font Include="Engine\assets\fonts\default_bold.ttf" />
  </ItemGroup>
  <ItemGroup>
    <Image Include="Engine\assets\textures\koseki_bijou.png" />
  </ItemGroup>
</Project>