<?xml version="1.0" encoding="utf-8"?>
<Project ToolsVersion="4.0" xmlns="http://schemas.microsoft.com/developer/msbuild/2003">
  <ItemGroup>
    <ClCompile Include="main.cpp" />
    <ClCompile Include="Engine\src\Application.cpp" />
    <ClCompile Include="Engine\src\States\State.cpp" />
    <ClCompile Include="Engine\src\States\StateStack.cpp" />
    <ClCompile Include="Engine\src\States\TitleState.cpp" />
    <ClCompile Include="Engine\src\States\GameState.cpp" />
  </ItemGroup>
  <ItemGroup>
    <ClInclude Include="Engine\lib\Application.hpp" />
    <ClInclude Include="Engine\lib\ResourceHolder.hpp" />
    <ClInclude Include="Engine\lib\ResourceIdentifiers.inl" />
    <ClInclude Include="Engine\lib\States\State.hpp" />
    <ClInclude Include="Engine\lib\States\StateIndentifier.inl" />
    <ClInclude Include="Engine\lib\States\StateStack.hpp" />
    <ClInclude Include="Engine\lib\States\TitleState.h" />
    <ClInclude Include="Engine\lib\States\GameState.h" />
  </ItemGroup>
  <ItemGroup>
    <Font Include="Engine\assets\fonts\pixel.ttf" />
  </ItemGroup>
  <ItemGroup>
    <Image Include="Engine\assets\textures\default_texture.png" />
  </ItemGroup>
</Project>